
Microsoft Visual Studio Solution File, Format Version 12.00
# Visual Studio 15
VisualStudioVersion = 15.0.28307.1267
MinimumVisualStudioVersion = 10.0.40219.1
Project("{FAE04EC0-301F-11D3-BF4B-00C04F79EFBC}") = "QuizFlash", "QuizFlash\QuizFlash.csproj", "{100FD2FB-543F-42F6-AB99-68E7BDAB64C2}"
EndProject
Project("{9A19103F-16F7-4668-BE54-9A1E7A4F7556}") = "FlashcardsWebAPI", "FlashcardsWebAPI\FlashcardsWebAPI.csproj", "{C5BD66E2-AFBC-477B-9D55-DA740161C590}"
EndProject
Project("{FAE04EC0-301F-11D3-BF4B-00C04F79EFBC}") = "QuizFlashLibrary", "QuizFlashLibrary\QuizFlashLibrary.csproj", "{2E043FD0-E27C-4618-9097-7E162C5891FC}"
EndProject
Project("{FAE04EC0-301F-11D3-BF4B-00C04F79EFBC}") = "ClassSoapWS", "ClassSoapWS\ClassSoapWS.csproj", "{F4D40222-9469-4FEF-9791-CE6ACC49D31D}"
EndProject
Global
	GlobalSection(SolutionConfigurationPlatforms) = preSolution
		Debug|Any CPU = Debug|Any CPU
		Release|Any CPU = Release|Any CPU
	EndGlobalSection
	GlobalSection(ProjectConfigurationPlatforms) = postSolution
		{100FD2FB-543F-42F6-AB99-68E7BDAB64C2}.Debug|Any CPU.ActiveCfg = Debug|Any CPU
		{100FD2FB-543F-42F6-AB99-68E7BDAB64C2}.Debug|Any CPU.Build.0 = Debug|Any CPU
		{100FD2FB-543F-42F6-AB99-68E7BDAB64C2}.Release|Any CPU.ActiveCfg = Release|Any CPU
		{100FD2FB-543F-42F6-AB99-68E7BDAB64C2}.Release|Any CPU.Build.0 = Release|Any CPU
		{C5BD66E2-AFBC-477B-9D55-DA740161C590}.Debug|Any CPU.ActiveCfg = Debug|Any CPU
		{C5BD66E2-AFBC-477B-9D55-DA740161C590}.Debug|Any CPU.Build.0 = Debug|Any CPU
		{C5BD66E2-AFBC-477B-9D55-DA740161C590}.Release|Any CPU.ActiveCfg = Release|Any CPU
		{C5BD66E2-AFBC-477B-9D55-DA740161C590}.Release|Any CPU.Build.0 = Release|Any CPU
		{2E043FD0-E27C-4618-9097-7E162C5891FC}.Debug|Any CPU.ActiveCfg = Debug|Any CPU
		{2E043FD0-E27C-4618-9097-7E162C5891FC}.Debug|Any CPU.Build.0 = Debug|Any CPU
		{2E043FD0-E27C-4618-9097-7E162C5891FC}.Release|Any CPU.ActiveCfg = Release|Any CPU
		{2E043FD0-E27C-4618-9097-7E162C5891FC}.Release|Any CPU.Build.0 = Release|Any CPU
		{F4D40222-9469-4FEF-9791-CE6ACC49D31D}.Debug|Any CPU.ActiveCfg = Debug|Any CPU
		{F4D40222-9469-4FEF-9791-CE6ACC49D31D}.Debug|Any CPU.Build.0 = Debug|Any CPU
		{F4D40222-9469-4FEF-9791-CE6ACC49D31D}.Release|Any CPU.ActiveCfg = Release|Any CPU
		{F4D40222-9469-4FEF-9791-CE6ACC49D31D}.Release|Any CPU.Build.0 = Release|Any CPU
	EndGlobalSection
	GlobalSection(SolutionProperties) = preSolution
		HideSolutionNode = FALSE
	EndGlobalSection
	GlobalSection(ExtensibilityGlobals) = postSolution
		SolutionGuid = {2145B13C-CC09-4A2D-9C51-696FEF92B6A7}
	EndGlobalSection
EndGlobal
